// !$*UTF8*$!
{
	archiveVersion = 1;
	classes = {
	};
	objectVersion = 46;
	objects = {

/* Begin PBXBuildFile section */
		15FC799F1D952BA4008A92B9 /* main.m in Sources */ = {isa = PBXBuildFile; fileRef = 15FC799E1D952BA4008A92B9 /* main.m */; };
		15FC79A21D952BA4008A92B9 /* AppDelegate.m in Sources */ = {isa = PBXBuildFile; fileRef = 15FC79A11D952BA4008A92B9 /* AppDelegate.m */; };
		15FC79A51D952BA4008A92B9 /* ViewController.m in Sources */ = {isa = PBXBuildFile; fileRef = 15FC79A41D952BA4008A92B9 /* ViewController.m */; };
		15FC79A81D952BA4008A92B9 /* Main.storyboard in Resources */ = {isa = PBXBuildFile; fileRef = 15FC79A61D952BA4008A92B9 /* Main.storyboard */; };
		15FC79AA1D952BA4008A92B9 /* Assets.xcassets in Resources */ = {isa = PBXBuildFile; fileRef = 15FC79A91D952BA4008A92B9 /* Assets.xcassets */; };
		15FC79AD1D952BA4008A92B9 /* LaunchScreen.storyboard in Resources */ = {isa = PBXBuildFile; fileRef = 15FC79AB1D952BA4008A92B9 /* LaunchScreen.storyboard */; };
		15FC79BF1D953004008A92B9 /* EpubMainViewController.m in Sources */ = {isa = PBXBuildFile; fileRef = 15FC79BC1D953004008A92B9 /* EpubMainViewController.m */; };
		15FC79C21D953045008A92B9 /* ReaderTopView.m in Sources */ = {isa = PBXBuildFile; fileRef = 15FC79C11D953045008A92B9 /* ReaderTopView.m */; };
		15FC79CE1D953390008A92B9 /* UIScrollView+Touch.m in Sources */ = {isa = PBXBuildFile; fileRef = 15FC79CC1D953390008A92B9 /* UIScrollView+Touch.m */; };
		15FC7A101D9540B7008A92B9 /* new_head_arrow_left@2x.png in Resources */ = {isa = PBXBuildFile; fileRef = 15FC7A0A1D9540B7008A92B9 /* new_head_arrow_left@2x.png */; };
		15FC7A111D9540B7008A92B9 /* new_head_arrow_left@3x.png in Resources */ = {isa = PBXBuildFile; fileRef = 15FC7A0B1D9540B7008A92B9 /* new_head_arrow_left@3x.png */; };
		15FC7A161D9540F6008A92B9 /* new_head_more_pre@2x.png in Resources */ = {isa = PBXBuildFile; fileRef = 15FC7A121D9540F6008A92B9 /* new_head_more_pre@2x.png */; };
		15FC7A171D9540F6008A92B9 /* new_head_more_pre@3x.png in Resources */ = {isa = PBXBuildFile; fileRef = 15FC7A131D9540F6008A92B9 /* new_head_more_pre@3x.png */; };
		15FC7A181D9540F6008A92B9 /* new_head_more@2x.png in Resources */ = {isa = PBXBuildFile; fileRef = 15FC7A141D9540F6008A92B9 /* new_head_more@2x.png */; };
		15FC7A191D9540F6008A92B9 /* new_head_more@3x.png in Resources */ = {isa = PBXBuildFile; fileRef = 15FC7A151D9540F6008A92B9 /* new_head_more@3x.png */; };
		15FC7A1B1D954349008A92B9 /* ReaderConfig.m in Sources */ = {isa = PBXBuildFile; fileRef = 15FC7A1A1D954349008A92B9 /* ReaderConfig.m */; };
		15FC7A201D954A70008A92B9 /* EpubBookModel.m in Sources */ = {isa = PBXBuildFile; fileRef = 15FC7A1F1D954A70008A92B9 /* EpubBookModel.m */; };
		15FC7A3F1D957B61008A92B9 /* EpubChapterModel.m in Sources */ = {isa = PBXBuildFile; fileRef = 15FC7A3E1D957B61008A92B9 /* EpubChapterModel.m */; };
		15FC7A411D957D30008A92B9 /* 四大名捕系列.epub in Resources */ = {isa = PBXBuildFile; fileRef = 15FC7A401D957D30008A92B9 /* 四大名捕系列.epub */; };
		15FC7A441D9584FE008A92B9 /* ReaderMainView.m in Sources */ = {isa = PBXBuildFile; fileRef = 15FC7A431D9584FE008A92B9 /* ReaderMainView.m */; };
		15FF2E661D9612AC00B496CF /* new_head_arrow_left_pre@2x.png in Resources */ = {isa = PBXBuildFile; fileRef = 15FF2E641D9612AC00B496CF /* new_head_arrow_left_pre@2x.png */; };
		15FF2E671D9612AC00B496CF /* new_head_arrow_left_pre@3x.png in Resources */ = {isa = PBXBuildFile; fileRef = 15FF2E651D9612AC00B496CF /* new_head_arrow_left_pre@3x.png */; };
		15FF2E6A1D962EC000B496CF /* UIColor+Hex.m in Sources */ = {isa = PBXBuildFile; fileRef = 15FF2E691D962EC000B496CF /* UIColor+Hex.m */; };
		15FF2E6D1D96535600B496CF /* EpubRecordModel.m in Sources */ = {isa = PBXBuildFile; fileRef = 15FF2E6C1D96535600B496CF /* EpubRecordModel.m */; };
		15FF2E701D968D6200B496CF /* ReaderBottomView.m in Sources */ = {isa = PBXBuildFile; fileRef = 15FF2E6F1D968D6200B496CF /* ReaderBottomView.m */; };
		51DAB32E85AC53216D7FB3A6 /* libPods-XCEpubReader.a in Frameworks */ = {isa = PBXBuildFile; fileRef = BC6AEC8ED5CD69CB82E40B6D /* libPods-XCEpubReader.a */; };
/* End PBXBuildFile section */

/* Begin PBXFileReference section */
		15FC799A1D952BA4008A92B9 /* XCEpubReader.app */ = {isa = PBXFileReference; explicitFileType = wrapper.application; includeInIndex = 0; path = XCEpubReader.app; sourceTree = BUILT_PRODUCTS_DIR; };
		15FC799E1D952BA4008A92B9 /* main.m */ = {isa = PBXFileReference; lastKnownFileType = sourcecode.c.objc; path = main.m; sourceTree = "<group>"; };
		15FC79A01D952BA4008A92B9 /* AppDelegate.h */ = {isa = PBXFileReference; lastKnownFileType = sourcecode.c.h; name = AppDelegate.h; path = ../AppDelegate.h; sourceTree = "<group>"; };
		15FC79A11D952BA4008A92B9 /* AppDelegate.m */ = {isa = PBXFileReference; lastKnownFileType = sourcecode.c.objc; name = AppDelegate.m; path = ../AppDelegate.m; sourceTree = "<group>"; };
		15FC79A31D952BA4008A92B9 /* ViewController.h */ = {isa = PBXFileReference; lastKnownFileType = sourcecode.c.h; name = ViewController.h; path = ../ViewController.h; sourceTree = "<group>"; };
		15FC79A41D952BA4008A92B9 /* ViewController.m */ = {isa = PBXFileReference; lastKnownFileType = sourcecode.c.objc; name = ViewController.m; path = ../ViewController.m; sourceTree = "<group>"; };
		15FC79A71D952BA4008A92B9 /* Base */ = {isa = PBXFileReference; lastKnownFileType = file.storyboard; name = Base; path = Base.lproj/Main.storyboard; sourceTree = "<group>"; };
		15FC79A91D952BA4008A92B9 /* Assets.xcassets */ = {isa = PBXFileReference; lastKnownFileType = folder.assetcatalog; name = Assets.xcassets; path = ../Assets.xcassets; sourceTree = "<group>"; };
		15FC79AC1D952BA4008A92B9 /* Base */ = {isa = PBXFileReference; lastKnownFileType = file.storyboard; name = Base; path = Base.lproj/LaunchScreen.storyboard; sourceTree = "<group>"; };
		15FC79AE1D952BA4008A92B9 /* Info.plist */ = {isa = PBXFileReference; lastKnownFileType = text.plist.xml; name = Info.plist; path = ../Info.plist; sourceTree = "<group>"; };
		15FC79BB1D953004008A92B9 /* EpubMainViewController.h */ = {isa = PBXFileReference; fileEncoding = 4; lastKnownFileType = sourcecode.c.h; path = EpubMainViewController.h; sourceTree = "<group>"; };
		15FC79BC1D953004008A92B9 /* EpubMainViewController.m */ = {isa = PBXFileReference; fileEncoding = 4; lastKnownFileType = sourcecode.c.objc; path = EpubMainViewController.m; sourceTree = "<group>"; };
		15FC79C01D953044008A92B9 /* ReaderTopView.h */ = {isa = PBXFileReference; fileEncoding = 4; lastKnownFileType = sourcecode.c.h; path = ReaderTopView.h; sourceTree = "<group>"; };
		15FC79C11D953045008A92B9 /* ReaderTopView.m */ = {isa = PBXFileReference; fileEncoding = 4; lastKnownFileType = sourcecode.c.objc; path = ReaderTopView.m; sourceTree = "<group>"; };
		15FC79CA1D953259008A92B9 /* ReaderConfig.h */ = {isa = PBXFileReference; lastKnownFileType = sourcecode.c.h; path = ReaderConfig.h; sourceTree = "<group>"; };
		15FC79CB1D953342008A92B9 /* PrefixHeader.pch */ = {isa = PBXFileReference; lastKnownFileType = sourcecode.c.h; path = PrefixHeader.pch; sourceTree = "<group>"; };
		15FC79CC1D953390008A92B9 /* UIScrollView+Touch.m */ = {isa = PBXFileReference; fileEncoding = 4; lastKnownFileType = sourcecode.c.objc; path = "UIScrollView+Touch.m"; sourceTree = "<group>"; };
		15FC79CD1D953390008A92B9 /* UIScrollView+Touch.h */ = {isa = PBXFileReference; fileEncoding = 4; lastKnownFileType = sourcecode.c.h; path = "UIScrollView+Touch.h"; sourceTree = "<group>"; };
		15FC7A0A1D9540B7008A92B9 /* new_head_arrow_left@2x.png */ = {isa = PBXFileReference; lastKnownFileType = image.png; path = "new_head_arrow_left@2x.png"; sourceTree = "<group>"; };
		15FC7A0B1D9540B7008A92B9 /* new_head_arrow_left@3x.png */ = {isa = PBXFileReference; lastKnownFileType = image.png; path = "new_head_arrow_left@3x.png"; sourceTree = "<group>"; };
		15FC7A121D9540F6008A92B9 /* new_head_more_pre@2x.png */ = {isa = PBXFileReference; lastKnownFileType = image.png; path = "new_head_more_pre@2x.png"; sourceTree = "<group>"; };
		15FC7A131D9540F6008A92B9 /* new_head_more_pre@3x.png */ = {isa = PBXFileReference; lastKnownFileType = image.png; path = "new_head_more_pre@3x.png"; sourceTree = "<group>"; };
		15FC7A141D9540F6008A92B9 /* new_head_more@2x.png */ = {isa = PBXFileReference; lastKnownFileType = image.png; path = "new_head_more@2x.png"; sourceTree = "<group>"; };
		15FC7A151D9540F6008A92B9 /* new_head_more@3x.png */ = {isa = PBXFileReference; lastKnownFileType = image.png; path = "new_head_more@3x.png"; sourceTree = "<group>"; };
		15FC7A1A1D954349008A92B9 /* ReaderConfig.m */ = {isa = PBXFileReference; fileEncoding = 4; lastKnownFileType = sourcecode.c.objc; path = ReaderConfig.m; sourceTree = "<group>"; };
		15FC7A1E1D954A70008A92B9 /* EpubBookModel.h */ = {isa = PBXFileReference; fileEncoding = 4; lastKnownFileType = sourcecode.c.h; path = EpubBookModel.h; sourceTree = "<group>"; };
		15FC7A1F1D954A70008A92B9 /* EpubBookModel.m */ = {isa = PBXFileReference; fileEncoding = 4; lastKnownFileType = sourcecode.c.objc; path = EpubBookModel.m; sourceTree = "<group>"; };
		15FC7A381D954E5C008A92B9 /* libz.tbd */ = {isa = PBXFileReference; lastKnownFileType = "sourcecode.text-based-dylib-definition"; name = libz.tbd; path = usr/lib/libz.tbd; sourceTree = SDKROOT; };
		15FC7A3A1D954F30008A92B9 /* libz.1.1.3.tbd */ = {isa = PBXFileReference; lastKnownFileType = "sourcecode.text-based-dylib-definition"; name = libz.1.1.3.tbd; path = usr/lib/libz.1.1.3.tbd; sourceTree = SDKROOT; };
		15FC7A3D1D957B61008A92B9 /* EpubChapterModel.h */ = {isa = PBXFileReference; fileEncoding = 4; lastKnownFileType = sourcecode.c.h; path = EpubChapterModel.h; sourceTree = "<group>"; };
		15FC7A3E1D957B61008A92B9 /* EpubChapterModel.m */ = {isa = PBXFileReference; fileEncoding = 4; lastKnownFileType = sourcecode.c.objc; path = EpubChapterModel.m; sourceTree = "<group>"; };
		15FC7A401D957D30008A92B9 /* 四大名捕系列.epub */ = {isa = PBXFileReference; lastKnownFileType = file; path = "四大名捕系列.epub"; sourceTree = "<group>"; };
		15FC7A421D9584FE008A92B9 /* ReaderMainView.h */ = {isa = PBXFileReference; fileEncoding = 4; lastKnownFileType = sourcecode.c.h; path = ReaderMainView.h; sourceTree = "<group>"; };
		15FC7A431D9584FE008A92B9 /* ReaderMainView.m */ = {isa = PBXFileReference; fileEncoding = 4; lastKnownFileType = sourcecode.c.objc; path = ReaderMainView.m; sourceTree = "<group>"; };
		15FF2E631D96112700B496CF /* XCReaderConst.h */ = {isa = PBXFileReference; lastKnownFileType = sourcecode.c.h; path = XCReaderConst.h; sourceTree = "<group>"; };
		15FF2E641D9612AC00B496CF /* new_head_arrow_left_pre@2x.png */ = {isa = PBXFileReference; lastKnownFileType = image.png; path = "new_head_arrow_left_pre@2x.png"; sourceTree = "<group>"; };
		15FF2E651D9612AC00B496CF /* new_head_arrow_left_pre@3x.png */ = {isa = PBXFileReference; lastKnownFileType = image.png; path = "new_head_arrow_left_pre@3x.png"; sourceTree = "<group>"; };
		15FF2E681D962EC000B496CF /* UIColor+Hex.h */ = {isa = PBXFileReference; fileEncoding = 4; lastKnownFileType = sourcecode.c.h; path = "UIColor+Hex.h"; sourceTree = "<group>"; };
		15FF2E691D962EC000B496CF /* UIColor+Hex.m */ = {isa = PBXFileReference; fileEncoding = 4; lastKnownFileType = sourcecode.c.objc; path = "UIColor+Hex.m"; sourceTree = "<group>"; };
		15FF2E6B1D96535600B496CF /* EpubRecordModel.h */ = {isa = PBXFileReference; fileEncoding = 4; lastKnownFileType = sourcecode.c.h; path = EpubRecordModel.h; sourceTree = "<group>"; };
		15FF2E6C1D96535600B496CF /* EpubRecordModel.m */ = {isa = PBXFileReference; fileEncoding = 4; lastKnownFileType = sourcecode.c.objc; path = EpubRecordModel.m; sourceTree = "<group>"; };
		15FF2E6E1D968D6200B496CF /* ReaderBottomView.h */ = {isa = PBXFileReference; fileEncoding = 4; lastKnownFileType = sourcecode.c.h; path = ReaderBottomView.h; sourceTree = "<group>"; };
		15FF2E6F1D968D6200B496CF /* ReaderBottomView.m */ = {isa = PBXFileReference; fileEncoding = 4; lastKnownFileType = sourcecode.c.objc; path = ReaderBottomView.m; sourceTree = "<group>"; };
		986C7B0853B340856DD0F5B9 /* Pods-XCEpubReader.debug.xcconfig */ = {isa = PBXFileReference; includeInIndex = 1; lastKnownFileType = text.xcconfig; name = "Pods-XCEpubReader.debug.xcconfig"; path = "Pods/Target Support Files/Pods-XCEpubReader/Pods-XCEpubReader.debug.xcconfig"; sourceTree = "<group>"; };
		A192CE0090BEA138A39CEA7E /* Pods-XCEpubReader.release.xcconfig */ = {isa = PBXFileReference; includeInIndex = 1; lastKnownFileType = text.xcconfig; name = "Pods-XCEpubReader.release.xcconfig"; path = "Pods/Target Support Files/Pods-XCEpubReader/Pods-XCEpubReader.release.xcconfig"; sourceTree = "<group>"; };
		BC6AEC8ED5CD69CB82E40B6D /* libPods-XCEpubReader.a */ = {isa = PBXFileReference; explicitFileType = archive.ar; includeInIndex = 0; path = "libPods-XCEpubReader.a"; sourceTree = BUILT_PRODUCTS_DIR; };
/* End PBXFileReference section */

/* Begin PBXFrameworksBuildPhase section */
		15FC79971D952BA4008A92B9 /* Frameworks */ = {
			isa = PBXFrameworksBuildPhase;
			buildActionMask = 2147483647;
			files = (
				51DAB32E85AC53216D7FB3A6 /* libPods-XCEpubReader.a in Frameworks */,
			);
			runOnlyForDeploymentPostprocessing = 0;
		};
/* End PBXFrameworksBuildPhase section */

/* Begin PBXGroup section */
		15FC79911D952BA4008A92B9 = {
			isa = PBXGroup;
			children = (
				15FC799C1D952BA4008A92B9 /* XCEpubReader */,
				15FC799B1D952BA4008A92B9 /* Products */,
				15FC7A371D954E5C008A92B9 /* Frameworks */,
				8EE5F26EE1F09A99A07F9259 /* Pods */,
			);
			sourceTree = "<group>";
		};
		15FC799B1D952BA4008A92B9 /* Products */ = {
			isa = PBXGroup;
			children = (
				15FC799A1D952BA4008A92B9 /* XCEpubReader.app */,
			);
			name = Products;
			sourceTree = "<group>";
		};
		15FC799C1D952BA4008A92B9 /* XCEpubReader */ = {
			isa = PBXGroup;
			children = (
				15FC79B61D952C0C008A92B9 /* SytemFile */,
				15FC79B51D952BF8008A92B9 /* XCReader */,
				15FC799D1D952BA4008A92B9 /* Supporting Files */,
			);
			path = XCEpubReader;
			sourceTree = "<group>";
		};
		15FC799D1D952BA4008A92B9 /* Supporting Files */ = {
			isa = PBXGroup;
			children = (
				15FC799E1D952BA4008A92B9 /* main.m */,
				15FC79CB1D953342008A92B9 /* PrefixHeader.pch */,
			);
			name = "Supporting Files";
			sourceTree = "<group>";
		};
		15FC79B51D952BF8008A92B9 /* XCReader */ = {
			isa = PBXGroup;
			children = (
				15FC7A051D95402C008A92B9 /* Resource */,
				15FC79C91D9531FB008A92B9 /* Category */,
				15FC79C31D95312C008A92B9 /* ConfigFile */,
				15FC79BA1D953004008A92B9 /* Controller */,
				15FC79BD1D953004008A92B9 /* Model */,
				15FC79BE1D953004008A92B9 /* View */,
			);
			path = XCReader;
			sourceTree = "<group>";
		};
		15FC79B61D952C0C008A92B9 /* SytemFile */ = {
			isa = PBXGroup;
			children = (
				15FC79A01D952BA4008A92B9 /* AppDelegate.h */,
				15FC79A11D952BA4008A92B9 /* AppDelegate.m */,
				15FC79A31D952BA4008A92B9 /* ViewController.h */,
				15FC79A41D952BA4008A92B9 /* ViewController.m */,
				15FC79A61D952BA4008A92B9 /* Main.storyboard */,
				15FC79A91D952BA4008A92B9 /* Assets.xcassets */,
				15FC79AB1D952BA4008A92B9 /* LaunchScreen.storyboard */,
				15FC79AE1D952BA4008A92B9 /* Info.plist */,
			);
			path = SytemFile;
			sourceTree = "<group>";
		};
		15FC79BA1D953004008A92B9 /* Controller */ = {
			isa = PBXGroup;
			children = (
				15FC79BB1D953004008A92B9 /* EpubMainViewController.h */,
				15FC79BC1D953004008A92B9 /* EpubMainViewController.m */,
			);
			path = Controller;
			sourceTree = "<group>";
		};
		15FC79BD1D953004008A92B9 /* Model */ = {
			isa = PBXGroup;
			children = (
				15FC7A1E1D954A70008A92B9 /* EpubBookModel.h */,
				15FC7A1F1D954A70008A92B9 /* EpubBookModel.m */,
				15FC7A3D1D957B61008A92B9 /* EpubChapterModel.h */,
				15FC7A3E1D957B61008A92B9 /* EpubChapterModel.m */,
				15FF2E6B1D96535600B496CF /* EpubRecordModel.h */,
				15FF2E6C1D96535600B496CF /* EpubRecordModel.m */,
			);
			path = Model;
			sourceTree = "<group>";
		};
		15FC79BE1D953004008A92B9 /* View */ = {
			isa = PBXGroup;
			children = (
				15FC79C01D953044008A92B9 /* ReaderTopView.h */,
				15FC79C11D953045008A92B9 /* ReaderTopView.m */,
				15FC7A421D9584FE008A92B9 /* ReaderMainView.h */,
				15FC7A431D9584FE008A92B9 /* ReaderMainView.m */,
				15FF2E6E1D968D6200B496CF /* ReaderBottomView.h */,
				15FF2E6F1D968D6200B496CF /* ReaderBottomView.m */,
			);
			path = View;
			sourceTree = "<group>";
		};
		15FC79C31D95312C008A92B9 /* ConfigFile */ = {
			isa = PBXGroup;
			children = (
				15FF2E631D96112700B496CF /* XCReaderConst.h */,
				15FC79CA1D953259008A92B9 /* ReaderConfig.h */,
				15FC7A1A1D954349008A92B9 /* ReaderConfig.m */,
			);
			path = ConfigFile;
			sourceTree = "<group>";
		};
		15FC79C91D9531FB008A92B9 /* Category */ = {
			isa = PBXGroup;
			children = (
				15FC79CD1D953390008A92B9 /* UIScrollView+Touch.h */,
				15FC79CC1D953390008A92B9 /* UIScrollView+Touch.m */,
				15FF2E681D962EC000B496CF /* UIColor+Hex.h */,
				15FF2E691D962EC000B496CF /* UIColor+Hex.m */,
			);
			path = Category;
			sourceTree = "<group>";
		};
		15FC7A051D95402C008A92B9 /* Resource */ = {
			isa = PBXGroup;
			children = (
				15FC7A401D957D30008A92B9 /* 四大名捕系列.epub */,
				15FC7A141D9540F6008A92B9 /* new_head_more@2x.png */,
				15FC7A151D9540F6008A92B9 /* new_head_more@3x.png */,
				15FC7A121D9540F6008A92B9 /* new_head_more_pre@2x.png */,
				15FC7A131D9540F6008A92B9 /* new_head_more_pre@3x.png */,
				15FC7A0A1D9540B7008A92B9 /* new_head_arrow_left@2x.png */,
				15FC7A0B1D9540B7008A92B9 /* new_head_arrow_left@3x.png */,
				15FF2E641D9612AC00B496CF /* new_head_arrow_left_pre@2x.png */,
				15FF2E651D9612AC00B496CF /* new_head_arrow_left_pre@3x.png */,
			);
			path = Resource;
			sourceTree = "<group>";
		};
		15FC7A371D954E5C008A92B9 /* Frameworks */ = {
			isa = PBXGroup;
			children = (
				15FC7A3A1D954F30008A92B9 /* libz.1.1.3.tbd */,
				15FC7A381D954E5C008A92B9 /* libz.tbd */,
				BC6AEC8ED5CD69CB82E40B6D /* libPods-XCEpubReader.a */,
			);
			name = Frameworks;
			sourceTree = "<group>";
		};
		8EE5F26EE1F09A99A07F9259 /* Pods */ = {
			isa = PBXGroup;
			children = (
				986C7B0853B340856DD0F5B9 /* Pods-XCEpubReader.debug.xcconfig */,
				A192CE0090BEA138A39CEA7E /* Pods-XCEpubReader.release.xcconfig */,
			);
			name = Pods;
			sourceTree = "<group>";
		};
/* End PBXGroup section */

/* Begin PBXNativeTarget section */
		15FC79991D952BA4008A92B9 /* XCEpubReader */ = {
			isa = PBXNativeTarget;
			buildConfigurationList = 15FC79B11D952BA4008A92B9 /* Build configuration list for PBXNativeTarget "XCEpubReader" */;
			buildPhases = (
				C4F38ECA73EC32FDACB977F7 /* Check Pods Manifest.lock */,
				15FC79961D952BA4008A92B9 /* Sources */,
				15FC79971D952BA4008A92B9 /* Frameworks */,
				15FC79981D952BA4008A92B9 /* Resources */,
				505C7C0AA9B69F27619DD7E6 /* Embed Pods Frameworks */,
				8C8BBEBA0E99C3BBAA7CA911 /* Copy Pods Resources */,
			);
			buildRules = (
			);
			dependencies = (
			);
			name = XCEpubReader;
			productName = XCEpubReader;
			productReference = 15FC799A1D952BA4008A92B9 /* XCEpubReader.app */;
			productType = "com.apple.product-type.application";
		};
/* End PBXNativeTarget section */

/* Begin PBXProject section */
		15FC79921D952BA4008A92B9 /* Project object */ = {
			isa = PBXProject;
			attributes = {
				LastUpgradeCheck = 0800;
				ORGANIZATIONNAME = daisy;
				TargetAttributes = {
					15FC79991D952BA4008A92B9 = {
						CreatedOnToolsVersion = 8.0;
						DevelopmentTeam = Y8MK4UJH8L;
						ProvisioningStyle = Automatic;
					};
				};
			};
			buildConfigurationList = 15FC79951D952BA4008A92B9 /* Build configuration list for PBXProject "XCEpubReader" */;
			compatibilityVersion = "Xcode 3.2";
			developmentRegion = English;
			hasScannedForEncodings = 0;
			knownRegions = (
				en,
				Base,
			);
			mainGroup = 15FC79911D952BA4008A92B9;
			productRefGroup = 15FC799B1D952BA4008A92B9 /* Products */;
			projectDirPath = "";
			projectRoot = "";
			targets = (
				15FC79991D952BA4008A92B9 /* XCEpubReader */,
			);
		};
/* End PBXProject section */

/* Begin PBXResourcesBuildPhase section */
		15FC79981D952BA4008A92B9 /* Resources */ = {
			isa = PBXResourcesBuildPhase;
			buildActionMask = 2147483647;
			files = (
				15FC7A161D9540F6008A92B9 /* new_head_more_pre@2x.png in Resources */,
				15FF2E671D9612AC00B496CF /* new_head_arrow_left_pre@3x.png in Resources */,
				15FC7A191D9540F6008A92B9 /* new_head_more@3x.png in Resources */,
				15FC79AD1D952BA4008A92B9 /* LaunchScreen.storyboard in Resources */,
				15FC7A181D9540F6008A92B9 /* new_head_more@2x.png in Resources */,
				15FC7A171D9540F6008A92B9 /* new_head_more_pre@3x.png in Resources */,
				15FC79AA1D952BA4008A92B9 /* Assets.xcassets in Resources */,
				15FC7A411D957D30008A92B9 /* 四大名捕系列.epub in Resources */,
				15FC7A111D9540B7008A92B9 /* new_head_arrow_left@3x.png in Resources */,
				15FC7A101D9540B7008A92B9 /* new_head_arrow_left@2x.png in Resources */,
				15FF2E661D9612AC00B496CF /* new_head_arrow_left_pre@2x.png in Resources */,
				15FC79A81D952BA4008A92B9 /* Main.storyboard in Resources */,
			);
			runOnlyForDeploymentPostprocessing = 0;
		};
/* End PBXResourcesBuildPhase section */

/* Begin PBXShellScriptBuildPhase section */
		505C7C0AA9B69F27619DD7E6 /* Embed Pods Frameworks */ = {
			isa = PBXShellScriptBuildPhase;
			buildActionMask = 2147483647;
			files = (
			);
			inputPaths = (
			);
			name = "Embed Pods Frameworks";
			outputPaths = (
			);
			runOnlyForDeploymentPostprocessing = 0;
			shellPath = /bin/sh;
			shellScript = "\"${SRCROOT}/Pods/Target Support Files/Pods-XCEpubReader/Pods-XCEpubReader-frameworks.sh\"\n";
			showEnvVarsInLog = 0;
		};
		8C8BBEBA0E99C3BBAA7CA911 /* Copy Pods Resources */ = {
			isa = PBXShellScriptBuildPhase;
			buildActionMask = 2147483647;
			files = (
			);
			inputPaths = (
			);
			name = "Copy Pods Resources";
			outputPaths = (
			);
			runOnlyForDeploymentPostprocessing = 0;
			shellPath = /bin/sh;
			shellScript = "\"${SRCROOT}/Pods/Target Support Files/Pods-XCEpubReader/Pods-XCEpubReader-resources.sh\"\n";
			showEnvVarsInLog = 0;
		};
		C4F38ECA73EC32FDACB977F7 /* Check Pods Manifest.lock */ = {
			isa = PBXShellScriptBuildPhase;
			buildActionMask = 2147483647;
			files = (
			);
			inputPaths = (
			);
			name = "Check Pods Manifest.lock";
			outputPaths = (
			);
			runOnlyForDeploymentPostprocessing = 0;
			shellPath = /bin/sh;
			shellScript = "diff \"${PODS_ROOT}/../Podfile.lock\" \"${PODS_ROOT}/Manifest.lock\" > /dev/null\nif [[ $? != 0 ]] ; then\n    cat << EOM\nerror: The sandbox is not in sync with the Podfile.lock. Run 'pod install' or update your CocoaPods installation.\nEOM\n    exit 1\nfi\n";
			showEnvVarsInLog = 0;
		};
/* End PBXShellScriptBuildPhase section */

/* Begin PBXSourcesBuildPhase section */
		15FC79961D952BA4008A92B9 /* Sources */ = {
			isa = PBXSourcesBuildPhase;
			buildActionMask = 2147483647;
			files = (
				15FF2E6D1D96535600B496CF /* EpubRecordModel.m in Sources */,
				15FC7A441D9584FE008A92B9 /* ReaderMainView.m in Sources */,
				15FC7A3F1D957B61008A92B9 /* EpubChapterModel.m in Sources */,
				15FC7A201D954A70008A92B9 /* EpubBookModel.m in Sources */,
				15FC79C21D953045008A92B9 /* ReaderTopView.m in Sources */,
				15FC79A51D952BA4008A92B9 /* ViewController.m in Sources */,
				15FC79A21D952BA4008A92B9 /* AppDelegate.m in Sources */,
				15FC7A1B1D954349008A92B9 /* ReaderConfig.m in Sources */,
				15FC799F1D952BA4008A92B9 /* main.m in Sources */,
				15FF2E6A1D962EC000B496CF /* UIColor+Hex.m in Sources */,
				15FF2E701D968D6200B496CF /* ReaderBottomView.m in Sources */,
				15FC79BF1D953004008A92B9 /* EpubMainViewController.m in Sources */,
				15FC79CE1D953390008A92B9 /* UIScrollView+Touch.m in Sources */,
			);
			runOnlyForDeploymentPostprocessing = 0;
		};
/* End PBXSourcesBuildPhase section */

/* Begin PBXVariantGroup section */
		15FC79A61D952BA4008A92B9 /* Main.storyboard */ = {
			isa = PBXVariantGroup;
			children = (
				15FC79A71D952BA4008A92B9 /* Base */,
			);
			name = Main.storyboard;
			path = ..;
			sourceTree = "<group>";
		};
		15FC79AB1D952BA4008A92B9 /* LaunchScreen.storyboard */ = {
			isa = PBXVariantGroup;
			children = (
				15FC79AC1D952BA4008A92B9 /* Base */,
			);
			name = LaunchScreen.storyboard;
			path = ..;
			sourceTree = "<group>";
		};
/* End PBXVariantGroup section */

/* Begin XCBuildConfiguration section */
		15FC79AF1D952BA4008A92B9 /* Debug */ = {
			isa = XCBuildConfiguration;
			buildSettings = {
				ALWAYS_SEARCH_USER_PATHS = NO;
				CLANG_ANALYZER_NONNULL = YES;
				CLANG_CXX_LANGUAGE_STANDARD = "gnu++0x";
				CLANG_CXX_LIBRARY = "libc++";
				CLANG_ENABLE_MODULES = YES;
				CLANG_ENABLE_OBJC_ARC = YES;
				CLANG_WARN_BOOL_CONVERSION = YES;
				CLANG_WARN_CONSTANT_CONVERSION = YES;
				CLANG_WARN_DIRECT_OBJC_ISA_USAGE = YES_ERROR;
				CLANG_WARN_DOCUMENTATION_COMMENTS = YES;
				CLANG_WARN_EMPTY_BODY = YES;
				CLANG_WARN_ENUM_CONVERSION = YES;
				CLANG_WARN_INFINITE_RECURSION = YES;
				CLANG_WARN_INT_CONVERSION = YES;
				CLANG_WARN_OBJC_ROOT_CLASS = YES_ERROR;
				CLANG_WARN_SUSPICIOUS_MOVES = YES;
				CLANG_WARN_UNREACHABLE_CODE = YES;
				CLANG_WARN__DUPLICATE_METHOD_MATCH = YES;
				"CODE_SIGN_IDENTITY[sdk=iphoneos*]" = "iPhone Developer";
				COPY_PHASE_STRIP = NO;
				DEBUG_INFORMATION_FORMAT = dwarf;
				ENABLE_STRICT_OBJC_MSGSEND = YES;
				ENABLE_TESTABILITY = YES;
				GCC_C_LANGUAGE_STANDARD = gnu99;
				GCC_DYNAMIC_NO_PIC = NO;
				GCC_NO_COMMON_BLOCKS = YES;
				GCC_OPTIMIZATION_LEVEL = 0;
				GCC_PREPROCESSOR_DEFINITIONS = (
					"DEBUG=1",
					"$(inherited)",
				);
				GCC_WARN_64_TO_32_BIT_CONVERSION = YES;
				GCC_WARN_ABOUT_RETURN_TYPE = YES_ERROR;
				GCC_WARN_UNDECLARED_SELECTOR = YES;
				GCC_WARN_UNINITIALIZED_AUTOS = YES_AGGRESSIVE;
				GCC_WARN_UNUSED_FUNCTION = YES;
				GCC_WARN_UNUSED_VARIABLE = YES;
				IPHONEOS_DEPLOYMENT_TARGET = 10.0;
				MTL_ENABLE_DEBUG_INFO = YES;
				ONLY_ACTIVE_ARCH = YES;
				SDKROOT = iphoneos;
			};
			name = Debug;
		};
		15FC79B01D952BA4008A92B9 /* Release */ = {
			isa = XCBuildConfiguration;
			buildSettings = {
				ALWAYS_SEARCH_USER_PATHS = NO;
				CLANG_ANALYZER_NONNULL = YES;
				CLANG_CXX_LANGUAGE_STANDARD = "gnu++0x";
				CLANG_CXX_LIBRARY = "libc++";
				CLANG_ENABLE_MODULES = YES;
				CLANG_ENABLE_OBJC_ARC = YES;
				CLANG_WARN_BOOL_CONVERSION = YES;
				CLANG_WARN_CONSTANT_CONVERSION = YES;
				CLANG_WARN_DIRECT_OBJC_ISA_USAGE = YES_ERROR;
				CLANG_WARN_DOCUMENTATION_COMMENTS = YES;
				CLANG_WARN_EMPTY_BODY = YES;
				CLANG_WARN_ENUM_CONVERSION = YES;
				CLANG_WARN_INFINITE_RECURSION = YES;
				CLANG_WARN_INT_CONVERSION = YES;
				CLANG_WARN_OBJC_ROOT_CLASS = YES_ERROR;
				CLANG_WARN_SUSPICIOUS_MOVES = YES;
				CLANG_WARN_UNREACHABLE_CODE = YES;
				CLANG_WARN__DUPLICATE_METHOD_MATCH = YES;
				"CODE_SIGN_IDENTITY[sdk=iphoneos*]" = "iPhone Developer";
				COPY_PHASE_STRIP = NO;
				DEBUG_INFORMATION_FORMAT = "dwarf-with-dsym";
				ENABLE_NS_ASSERTIONS = NO;
				ENABLE_STRICT_OBJC_MSGSEND = YES;
				GCC_C_LANGUAGE_STANDARD = gnu99;
				GCC_NO_COMMON_BLOCKS = YES;
				GCC_WARN_64_TO_32_BIT_CONVERSION = YES;
				GCC_WARN_ABOUT_RETURN_TYPE = YES_ERROR;
				GCC_WARN_UNDECLARED_SELECTOR = YES;
				GCC_WARN_UNINITIALIZED_AUTOS = YES_AGGRESSIVE;
				GCC_WARN_UNUSED_FUNCTION = YES;
				GCC_WARN_UNUSED_VARIABLE = YES;
				IPHONEOS_DEPLOYMENT_TARGET = 10.0;
				MTL_ENABLE_DEBUG_INFO = NO;
				SDKROOT = iphoneos;
				VALIDATE_PRODUCT = YES;
			};
			name = Release;
		};
		15FC79B21D952BA4008A92B9 /* Debug */ = {
			isa = XCBuildConfiguration;
			baseConfigurationReference = 986C7B0853B340856DD0F5B9 /* Pods-XCEpubReader.debug.xcconfig */;
			buildSettings = {
				ASSETCATALOG_COMPILER_APPICON_NAME = AppIcon;
				DEVELOPMENT_TEAM = Y8MK4UJH8L;
				GCC_PRECOMPILE_PREFIX_HEADER = YES;
				GCC_PREFIX_HEADER = XCEpubReader/PrefixHeader.pch;
				INFOPLIST_FILE = XCEpubReader/Info.plist;
				IPHONEOS_DEPLOYMENT_TARGET = 7.0;
				LD_RUNPATH_SEARCH_PATHS = "$(inherited) @executable_path/Frameworks";
				PRODUCT_BUNDLE_IDENTIFIER = com.daisy.XCEpubReader;
				PRODUCT_NAME = "$(TARGET_NAME)";
			};
			name = Debug;
		};
		15FC79B31D952BA4008A92B9 /* Release */ = {
			isa = XCBuildConfiguration;
			baseConfigurationReference = A192CE0090BEA138A39CEA7E /* Pods-XCEpubReader.release.xcconfig */;
			buildSettings = {
				ASSETCATALOG_COMPILER_APPICON_NAME = AppIcon;
				DEVELOPMENT_TEAM = Y8MK4UJH8L;
				GCC_PRECOMPILE_PREFIX_HEADER = YES;
				GCC_PREFIX_HEADER = XCEpubReader/PrefixHeader.pch;
				INFOPLIST_FILE = XCEpubReader/Info.plist;
				IPHONEOS_DEPLOYMENT_TARGET = 7.0;
				LD_RUNPATH_SEARCH_PATHS = "$(inherited) @executable_path/Frameworks";
				PRODUCT_BUNDLE_IDENTIFIER = com.daisy.XCEpubReader;
				PRODUCT_NAME = "$(TARGET_NAME)";
			};
			name = Release;
		};
/* End XCBuildConfiguration section */

/* Begin XCConfigurationList section */
		15FC79951D952BA4008A92B9 /* Build configuration list for PBXProject "XCEpubReader" */ = {
			isa = XCConfigurationList;
			buildConfigurations = (
				15FC79AF1D952BA4008A92B9 /* Debug */,
				15FC79B01D952BA4008A92B9 /* Release */,
			);
			defaultConfigurationIsVisible = 0;
			defaultConfigurationName = Release;
		};
		15FC79B11D952BA4008A92B9 /* Build configuration list for PBXNativeTarget "XCEpubReader" */ = {
			isa = XCConfigurationList;
			buildConfigurations = (
				15FC79B21D952BA4008A92B9 /* Debug */,
				15FC79B31D952BA4008A92B9 /* Release */,
			);
			defaultConfigurationIsVisible = 0;
			defaultConfigurationName = Release;
		};
/* End XCConfigurationList section */
	};
	rootObject = 15FC79921D952BA4008A92B9 /* Project object */;
}
